
Microsoft Visual Studio Solution File, Format Version 12.00
# Visual Studio Version 17
VisualStudioVersion = 17.14.36017.23 d17.14
MinimumVisualStudioVersion = 10.0.40219.1
Project("{FAE04EC0-301F-11D3-BF4B-00C04F79EFBC}") = "30-4-25-task", "30-4-25-task\30-4-25-task.csproj", "{D9521A6F-9216-425D-A811-B162CA0D9C80}"
EndProject
Global
	GlobalSection(SolutionConfigurationPlatforms) = preSolution
		Debug|Any CPU = Debug|Any CPU
		Release|Any CPU = Release|Any CPU
	EndGlobalSection
	GlobalSection(ProjectConfigurationPlatforms) = postSolution
		{D9521A6F-9216-425D-A811-B162CA0D9C80}.Debug|Any CPU.ActiveCfg = Debug|Any CPU
		{D9521A6F-9216-425D-A811-B162CA0D9C80}.Debug|Any CPU.Build.0 = Debug|Any CPU
		{D9521A6F-9216-425D-A811-B162CA0D9C80}.Release|Any CPU.ActiveCfg = Release|Any CPU
		{D9521A6F-9216-425D-A811-B162CA0D9C80}.Release|Any CPU.Build.0 = Release|Any CPU
	EndGlobalSection
	GlobalSection(SolutionProperties) = preSolution
		HideSolutionNode = FALSE
	EndGlobalSection
	GlobalSection(ExtensibilityGlobals) = postSolution
		SolutionGuid = {22FF4280-DCDE-49E9-B855-0B3698BD4C23}
	EndGlobalSection
EndGlobal
